
Microsoft Visual Studio Solution File, Format Version 12.00
# Visual Studio Version 17
VisualStudioVersion = 17.11.35327.3
MinimumVisualStudioVersion = 10.0.40219.1
Project("{FAE04EC0-301F-11D3-BF4B-00C04F79EFBC}") = "OutBack", "OutBack.csproj", "{DAA04343-FB42-4435-ABBF-1D3221F5701E}"
EndProject
Global
	GlobalSection(SolutionConfigurationPlatforms) = preSolution
		Debug|Any CPU = Debug|Any CPU
		Release|Any CPU = Release|Any CPU
	EndGlobalSection
	GlobalSection(ProjectConfigurationPlatforms) = postSolution
		{DAA04343-FB42-4435-ABBF-1D3221F5701E}.Debug|Any CPU.ActiveCfg = Debug|Any CPU
		{DAA04343-FB42-4435-ABBF-1D3221F5701E}.Debug|Any CPU.Build.0 = Debug|Any CPU
		{DAA04343-FB42-4435-ABBF-1D3221F5701E}.Release|Any CPU.ActiveCfg = Release|Any CPU
		{DAA04343-FB42-4435-ABBF-1D3221F5701E}.Release|Any CPU.Build.0 = Release|Any CPU
	EndGlobalSection
	GlobalSection(SolutionProperties) = preSolution
		HideSolutionNode = FALSE
	EndGlobalSection
	GlobalSection(ExtensibilityGlobals) = postSolution
		SolutionGuid = {F1837BF6-3B92-45AE-A8BD-7A9098C3677F}
	EndGlobalSection
EndGlobal
